
Microsoft Visual Studio Solution File, Format Version 10.00
# Visual Studio 2008
Project("{8BC9CEB8-8B4A-11D0-8D11-00A0C91BC942}") = "polarssl", "third-party\polarssl\polarssl.vcproj", "{44A87630-7AD3-44D2-8E67-04719036AB55}"
EndProject
Project("{8BC9CEB8-8B4A-11D0-8D11-00A0C91BC942}") = "blmlib", "build\vc\blmlib.vcproj", "{F1A61EFE-8808-447F-AF8C-858F7BEC7ECF}"
	ProjectSection(ProjectDependencies) = postProject
		{44A87630-7AD3-44D2-8E67-04719036AB55} = {44A87630-7AD3-44D2-8E67-04719036AB55}
		{FE07F272-AE7F-4549-9E9F-EF9B80CB1693} = {FE07F272-AE7F-4549-9E9F-EF9B80CB1693}
		{DA0E03ED-53A7-4050-8A85-90541C5509F8} = {DA0E03ED-53A7-4050-8A85-90541C5509F8}
	EndProjectSection
EndProject
Project("{8BC9CEB8-8B4A-11D0-8D11-00A0C91BC942}") = "blmexample", "build\vc\blmexample.vcproj", "{D9D8F7EE-A1EE-433F-BEB3-9A2A74052369}"
	ProjectSection(ProjectDependencies) = postProject
		{F1A61EFE-8808-447F-AF8C-858F7BEC7ECF} = {F1A61EFE-8808-447F-AF8C-858F7BEC7ECF}
	EndProjectSection
EndProject
Project("{8BC9CEB8-8B4A-11D0-8D11-00A0C91BC942}") = "pjlib", "third-party\pj-project\pjlib\build\pjlib.vcproj", "{DA0E03ED-53A7-4050-8A85-90541C5509F8}"
EndProject
Project("{8BC9CEB8-8B4A-11D0-8D11-00A0C91BC942}") = "pjlib_util", "third-party\pj-project\pjlib-util\build\pjlib_util.vcproj", "{FE07F272-AE7F-4549-9E9F-EF9B80CB1693}"
EndProject
Global
	GlobalSection(SolutionConfigurationPlatforms) = preSolution
		Debug|Pocket PC 2003 (ARMV4) = Debug|Pocket PC 2003 (ARMV4)
		Debug|Smartphone 2003 (ARMV4) = Debug|Smartphone 2003 (ARMV4)
		Debug|Win32 = Debug|Win32
		Debug|Windows Mobile 5.0 Pocket PC SDK (ARMV4I) = Debug|Windows Mobile 5.0 Pocket PC SDK (ARMV4I)
		Debug|Windows Mobile 5.0 Smartphone SDK (ARMV4I) = Debug|Windows Mobile 5.0 Smartphone SDK (ARMV4I)
		Debug-Dynamic|Pocket PC 2003 (ARMV4) = Debug-Dynamic|Pocket PC 2003 (ARMV4)
		Debug-Dynamic|Smartphone 2003 (ARMV4) = Debug-Dynamic|Smartphone 2003 (ARMV4)
		Debug-Dynamic|Win32 = Debug-Dynamic|Win32
		Debug-Dynamic|Windows Mobile 5.0 Pocket PC SDK (ARMV4I) = Debug-Dynamic|Windows Mobile 5.0 Pocket PC SDK (ARMV4I)
		Debug-Dynamic|Windows Mobile 5.0 Smartphone SDK (ARMV4I) = Debug-Dynamic|Windows Mobile 5.0 Smartphone SDK (ARMV4I)
		Debug-Static|Pocket PC 2003 (ARMV4) = Debug-Static|Pocket PC 2003 (ARMV4)
		Debug-Static|Smartphone 2003 (ARMV4) = Debug-Static|Smartphone 2003 (ARMV4)
		Debug-Static|Win32 = Debug-Static|Win32
		Debug-Static|Windows Mobile 5.0 Pocket PC SDK (ARMV4I) = Debug-Static|Windows Mobile 5.0 Pocket PC SDK (ARMV4I)
		Debug-Static|Windows Mobile 5.0 Smartphone SDK (ARMV4I) = Debug-Static|Windows Mobile 5.0 Smartphone SDK (ARMV4I)
		Release|Pocket PC 2003 (ARMV4) = Release|Pocket PC 2003 (ARMV4)
		Release|Smartphone 2003 (ARMV4) = Release|Smartphone 2003 (ARMV4)
		Release|Win32 = Release|Win32
		Release|Windows Mobile 5.0 Pocket PC SDK (ARMV4I) = Release|Windows Mobile 5.0 Pocket PC SDK (ARMV4I)
		Release|Windows Mobile 5.0 Smartphone SDK (ARMV4I) = Release|Windows Mobile 5.0 Smartphone SDK (ARMV4I)
		Release-Dynamic|Pocket PC 2003 (ARMV4) = Release-Dynamic|Pocket PC 2003 (ARMV4)
		Release-Dynamic|Smartphone 2003 (ARMV4) = Release-Dynamic|Smartphone 2003 (ARMV4)
		Release-Dynamic|Win32 = Release-Dynamic|Win32
		Release-Dynamic|Windows Mobile 5.0 Pocket PC SDK (ARMV4I) = Release-Dynamic|Windows Mobile 5.0 Pocket PC SDK (ARMV4I)
		Release-Dynamic|Windows Mobile 5.0 Smartphone SDK (ARMV4I) = Release-Dynamic|Windows Mobile 5.0 Smartphone SDK (ARMV4I)
		Release-Static|Pocket PC 2003 (ARMV4) = Release-Static|Pocket PC 2003 (ARMV4)
		Release-Static|Smartphone 2003 (ARMV4) = Release-Static|Smartphone 2003 (ARMV4)
		Release-Static|Win32 = Release-Static|Win32
		Release-Static|Windows Mobile 5.0 Pocket PC SDK (ARMV4I) = Release-Static|Windows Mobile 5.0 Pocket PC SDK (ARMV4I)
		Release-Static|Windows Mobile 5.0 Smartphone SDK (ARMV4I) = Release-Static|Windows Mobile 5.0 Smartphone SDK (ARMV4I)
	EndGlobalSection
	GlobalSection(ProjectConfigurationPlatforms) = postSolution
		{44A87630-7AD3-44D2-8E67-04719036AB55}.Debug|Pocket PC 2003 (ARMV4).ActiveCfg = Debug|Win32
		{44A87630-7AD3-44D2-8E67-04719036AB55}.Debug|Smartphone 2003 (ARMV4).ActiveCfg = Debug|Win32
		{44A87630-7AD3-44D2-8E67-04719036AB55}.Debug|Win32.ActiveCfg = Debug|Win32
		{44A87630-7AD3-44D2-8E67-04719036AB55}.Debug|Win32.Build.0 = Debug|Win32
		{44A87630-7AD3-44D2-8E67-04719036AB55}.Debug|Windows Mobile 5.0 Pocket PC SDK (ARMV4I).ActiveCfg = Debug|Win32
		{44A87630-7AD3-44D2-8E67-04719036AB55}.Debug|Windows Mobile 5.0 Smartphone SDK (ARMV4I).ActiveCfg = Debug|Win32
		{44A87630-7AD3-44D2-8E67-04719036AB55}.Debug-Dynamic|Pocket PC 2003 (ARMV4).ActiveCfg = Debug|Win32
		{44A87630-7AD3-44D2-8E67-04719036AB55}.Debug-Dynamic|Smartphone 2003 (ARMV4).ActiveCfg = Debug|Win32
		{44A87630-7AD3-44D2-8E67-04719036AB55}.Debug-Dynamic|Win32.ActiveCfg = Debug|Win32
		{44A87630-7AD3-44D2-8E67-04719036AB55}.Debug-Dynamic|Win32.Build.0 = Debug|Win32
		{44A87630-7AD3-44D2-8E67-04719036AB55}.Debug-Dynamic|Windows Mobile 5.0 Pocket PC SDK (ARMV4I).ActiveCfg = Debug|Win32
		{44A87630-7AD3-44D2-8E67-04719036AB55}.Debug-Dynamic|Windows Mobile 5.0 Smartphone SDK (ARMV4I).ActiveCfg = Debug|Win32
		{44A87630-7AD3-44D2-8E67-04719036AB55}.Debug-Static|Pocket PC 2003 (ARMV4).ActiveCfg = Debug|Win32
		{44A87630-7AD3-44D2-8E67-04719036AB55}.Debug-Static|Smartphone 2003 (ARMV4).ActiveCfg = Debug|Win32
		{44A87630-7AD3-44D2-8E67-04719036AB55}.Debug-Static|Win32.ActiveCfg = Debug|Win32
		{44A87630-7AD3-44D2-8E67-04719036AB55}.Debug-Static|Win32.Build.0 = Debug|Win32
		{44A87630-7AD3-44D2-8E67-04719036AB55}.Debug-Static|Windows Mobile 5.0 Pocket PC SDK (ARMV4I).ActiveCfg = Debug|Win32
		{44A87630-7AD3-44D2-8E67-04719036AB55}.Debug-Static|Windows Mobile 5.0 Smartphone SDK (ARMV4I).ActiveCfg = Debug|Win32
		{44A87630-7AD3-44D2-8E67-04719036AB55}.Release|Pocket PC 2003 (ARMV4).ActiveCfg = Release|Win32
		{44A87630-7AD3-44D2-8E67-04719036AB55}.Release|Smartphone 2003 (ARMV4).ActiveCfg = Release|Win32
		{44A87630-7AD3-44D2-8E67-04719036AB55}.Release|Win32.ActiveCfg = Release|Win32
		{44A87630-7AD3-44D2-8E67-04719036AB55}.Release|Win32.Build.0 = Release|Win32
		{44A87630-7AD3-44D2-8E67-04719036AB55}.Release|Windows Mobile 5.0 Pocket PC SDK (ARMV4I).ActiveCfg = Release|Win32
		{44A87630-7AD3-44D2-8E67-04719036AB55}.Release|Windows Mobile 5.0 Smartphone SDK (ARMV4I).ActiveCfg = Release|Win32
		{44A87630-7AD3-44D2-8E67-04719036AB55}.Release-Dynamic|Pocket PC 2003 (ARMV4).ActiveCfg = Release|Win32
		{44A87630-7AD3-44D2-8E67-04719036AB55}.Release-Dynamic|Smartphone 2003 (ARMV4).ActiveCfg = Release|Win32
		{44A87630-7AD3-44D2-8E67-04719036AB55}.Release-Dynamic|Win32.ActiveCfg = Release|Win32
		{44A87630-7AD3-44D2-8E67-04719036AB55}.Release-Dynamic|Win32.Build.0 = Release|Win32
		{44A87630-7AD3-44D2-8E67-04719036AB55}.Release-Dynamic|Windows Mobile 5.0 Pocket PC SDK (ARMV4I).ActiveCfg = Release|Win32
		{44A87630-7AD3-44D2-8E67-04719036AB55}.Release-Dynamic|Windows Mobile 5.0 Smartphone SDK (ARMV4I).ActiveCfg = Release|Win32
		{44A87630-7AD3-44D2-8E67-04719036AB55}.Release-Static|Pocket PC 2003 (ARMV4).ActiveCfg = Release|Win32
		{44A87630-7AD3-44D2-8E67-04719036AB55}.Release-Static|Smartphone 2003 (ARMV4).ActiveCfg = Release|Win32
		{44A87630-7AD3-44D2-8E67-04719036AB55}.Release-Static|Win32.ActiveCfg = Release|Win32
		{44A87630-7AD3-44D2-8E67-04719036AB55}.Release-Static|Win32.Build.0 = Release|Win32
		{44A87630-7AD3-44D2-8E67-04719036AB55}.Release-Static|Windows Mobile 5.0 Pocket PC SDK (ARMV4I).ActiveCfg = Release|Win32
		{44A87630-7AD3-44D2-8E67-04719036AB55}.Release-Static|Windows Mobile 5.0 Smartphone SDK (ARMV4I).ActiveCfg = Release|Win32
		{F1A61EFE-8808-447F-AF8C-858F7BEC7ECF}.Debug|Pocket PC 2003 (ARMV4).ActiveCfg = Debug|Win32
		{F1A61EFE-8808-447F-AF8C-858F7BEC7ECF}.Debug|Smartphone 2003 (ARMV4).ActiveCfg = Debug|Win32
		{F1A61EFE-8808-447F-AF8C-858F7BEC7ECF}.Debug|Win32.ActiveCfg = Debug|Win32
		{F1A61EFE-8808-447F-AF8C-858F7BEC7ECF}.Debug|Win32.Build.0 = Debug|Win32
		{F1A61EFE-8808-447F-AF8C-858F7BEC7ECF}.Debug|Windows Mobile 5.0 Pocket PC SDK (ARMV4I).ActiveCfg = Debug|Win32
		{F1A61EFE-8808-447F-AF8C-858F7BEC7ECF}.Debug|Windows Mobile 5.0 Smartphone SDK (ARMV4I).ActiveCfg = Debug|Win32
		{F1A61EFE-8808-447F-AF8C-858F7BEC7ECF}.Debug-Dynamic|Pocket PC 2003 (ARMV4).ActiveCfg = Debug|Win32
		{F1A61EFE-8808-447F-AF8C-858F7BEC7ECF}.Debug-Dynamic|Smartphone 2003 (ARMV4).ActiveCfg = Debug|Win32
		{F1A61EFE-8808-447F-AF8C-858F7BEC7ECF}.Debug-Dynamic|Win32.ActiveCfg = Debug|Win32
		{F1A61EFE-8808-447F-AF8C-858F7BEC7ECF}.Debug-Dynamic|Win32.Build.0 = Debug|Win32
		{F1A61EFE-8808-447F-AF8C-858F7BEC7ECF}.Debug-Dynamic|Windows Mobile 5.0 Pocket PC SDK (ARMV4I).ActiveCfg = Debug|Win32
		{F1A61EFE-8808-447F-AF8C-858F7BEC7ECF}.Debug-Dynamic|Windows Mobile 5.0 Smartphone SDK (ARMV4I).ActiveCfg = Debug|Win32
		{F1A61EFE-8808-447F-AF8C-858F7BEC7ECF}.Debug-Static|Pocket PC 2003 (ARMV4).ActiveCfg = Debug|Win32
		{F1A61EFE-8808-447F-AF8C-858F7BEC7ECF}.Debug-Static|Smartphone 2003 (ARMV4).ActiveCfg = Debug|Win32
		{F1A61EFE-8808-447F-AF8C-858F7BEC7ECF}.Debug-Static|Win32.ActiveCfg = Debug|Win32
		{F1A61EFE-8808-447F-AF8C-858F7BEC7ECF}.Debug-Static|Win32.Build.0 = Debug|Win32
		{F1A61EFE-8808-447F-AF8C-858F7BEC7ECF}.Debug-Static|Windows Mobile 5.0 Pocket PC SDK (ARMV4I).ActiveCfg = Debug|Win32
		{F1A61EFE-8808-447F-AF8C-858F7BEC7ECF}.Debug-Static|Windows Mobile 5.0 Smartphone SDK (ARMV4I).ActiveCfg = Debug|Win32
		{F1A61EFE-8808-447F-AF8C-858F7BEC7ECF}.Release|Pocket PC 2003 (ARMV4).ActiveCfg = Release|Win32
		{F1A61EFE-8808-447F-AF8C-858F7BEC7ECF}.Release|Smartphone 2003 (ARMV4).ActiveCfg = Release|Win32
		{F1A61EFE-8808-447F-AF8C-858F7BEC7ECF}.Release|Win32.ActiveCfg = Release|Win32
		{F1A61EFE-8808-447F-AF8C-858F7BEC7ECF}.Release|Win32.Build.0 = Release|Win32
		{F1A61EFE-8808-447F-AF8C-858F7BEC7ECF}.Release|Windows Mobile 5.0 Pocket PC SDK (ARMV4I).ActiveCfg = Release|Win32
		{F1A61EFE-8808-447F-AF8C-858F7BEC7ECF}.Release|Windows Mobile 5.0 Smartphone SDK (ARMV4I).ActiveCfg = Release|Win32
		{F1A61EFE-8808-447F-AF8C-858F7BEC7ECF}.Release-Dynamic|Pocket PC 2003 (ARMV4).ActiveCfg = Release|Win32
		{F1A61EFE-8808-447F-AF8C-858F7BEC7ECF}.Release-Dynamic|Smartphone 2003 (ARMV4).ActiveCfg = Release|Win32
		{F1A61EFE-8808-447F-AF8C-858F7BEC7ECF}.Release-Dynamic|Win32.ActiveCfg = Release|Win32
		{F1A61EFE-8808-447F-AF8C-858F7BEC7ECF}.Release-Dynamic|Win32.Build.0 = Release|Win32
		{F1A61EFE-8808-447F-AF8C-858F7BEC7ECF}.Release-Dynamic|Windows Mobile 5.0 Pocket PC SDK (ARMV4I).ActiveCfg = Release|Win32
		{F1A61EFE-8808-447F-AF8C-858F7BEC7ECF}.Release-Dynamic|Windows Mobile 5.0 Smartphone SDK (ARMV4I).ActiveCfg = Release|Win32
		{F1A61EFE-8808-447F-AF8C-858F7BEC7ECF}.Release-Static|Pocket PC 2003 (ARMV4).ActiveCfg = Release|Win32
		{F1A61EFE-8808-447F-AF8C-858F7BEC7ECF}.Release-Static|Smartphone 2003 (ARMV4).ActiveCfg = Release|Win32
		{F1A61EFE-8808-447F-AF8C-858F7BEC7ECF}.Release-Static|Win32.ActiveCfg = Release|Win32
		{F1A61EFE-8808-447F-AF8C-858F7BEC7ECF}.Release-Static|Win32.Build.0 = Release|Win32
		{F1A61EFE-8808-447F-AF8C-858F7BEC7ECF}.Release-Static|Windows Mobile 5.0 Pocket PC SDK (ARMV4I).ActiveCfg = Release|Win32
		{F1A61EFE-8808-447F-AF8C-858F7BEC7ECF}.Release-Static|Windows Mobile 5.0 Smartphone SDK (ARMV4I).ActiveCfg = Release|Win32
		{D9D8F7EE-A1EE-433F-BEB3-9A2A74052369}.Debug|Pocket PC 2003 (ARMV4).ActiveCfg = Debug|Win32
		{D9D8F7EE-A1EE-433F-BEB3-9A2A74052369}.Debug|Smartphone 2003 (ARMV4).ActiveCfg = Debug|Win32
		{D9D8F7EE-A1EE-433F-BEB3-9A2A74052369}.Debug|Win32.ActiveCfg = Debug|Win32
		{D9D8F7EE-A1EE-433F-BEB3-9A2A74052369}.Debug|Win32.Build.0 = Debug|Win32
		{D9D8F7EE-A1EE-433F-BEB3-9A2A74052369}.Debug|Windows Mobile 5.0 Pocket PC SDK (ARMV4I).ActiveCfg = Debug|Win32
		{D9D8F7EE-A1EE-433F-BEB3-9A2A74052369}.Debug|Windows Mobile 5.0 Smartphone SDK (ARMV4I).ActiveCfg = Debug|Win32
		{D9D8F7EE-A1EE-433F-BEB3-9A2A74052369}.Debug-Dynamic|Pocket PC 2003 (ARMV4).ActiveCfg = Debug|Win32
		{D9D8F7EE-A1EE-433F-BEB3-9A2A74052369}.Debug-Dynamic|Smartphone 2003 (ARMV4).ActiveCfg = Debug|Win32
		{D9D8F7EE-A1EE-433F-BEB3-9A2A74052369}.Debug-Dynamic|Win32.ActiveCfg = Debug|Win32
		{D9D8F7EE-A1EE-433F-BEB3-9A2A74052369}.Debug-Dynamic|Win32.Build.0 = Debug|Win32
		{D9D8F7EE-A1EE-433F-BEB3-9A2A74052369}.Debug-Dynamic|Windows Mobile 5.0 Pocket PC SDK (ARMV4I).ActiveCfg = Debug|Win32
		{D9D8F7EE-A1EE-433F-BEB3-9A2A74052369}.Debug-Dynamic|Windows Mobile 5.0 Smartphone SDK (ARMV4I).ActiveCfg = Debug|Win32
		{D9D8F7EE-A1EE-433F-BEB3-9A2A74052369}.Debug-Static|Pocket PC 2003 (ARMV4).ActiveCfg = Debug|Win32
		{D9D8F7EE-A1EE-433F-BEB3-9A2A74052369}.Debug-Static|Smartphone 2003 (ARMV4).ActiveCfg = Debug|Win32
		{D9D8F7EE-A1EE-433F-BEB3-9A2A74052369}.Debug-Static|Win32.ActiveCfg = Debug|Win32
		{D9D8F7EE-A1EE-433F-BEB3-9A2A74052369}.Debug-Static|Win32.Build.0 = Debug|Win32
		{D9D8F7EE-A1EE-433F-BEB3-9A2A74052369}.Debug-Static|Windows Mobile 5.0 Pocket PC SDK (ARMV4I).ActiveCfg = Debug|Win32
		{D9D8F7EE-A1EE-433F-BEB3-9A2A74052369}.Debug-Static|Windows Mobile 5.0 Smartphone SDK (ARMV4I).ActiveCfg = Debug|Win32
		{D9D8F7EE-A1EE-433F-BEB3-9A2A74052369}.Release|Pocket PC 2003 (ARMV4).ActiveCfg = Release|Win32
		{D9D8F7EE-A1EE-433F-BEB3-9A2A74052369}.Release|Smartphone 2003 (ARMV4).ActiveCfg = Release|Win32
		{D9D8F7EE-A1EE-433F-BEB3-9A2A74052369}.Release|Win32.ActiveCfg = Release|Win32
		{D9D8F7EE-A1EE-433F-BEB3-9A2A74052369}.Release|Win32.Build.0 = Release|Win32
		{D9D8F7EE-A1EE-433F-BEB3-9A2A74052369}.Release|Windows Mobile 5.0 Pocket PC SDK (ARMV4I).ActiveCfg = Release|Win32
		{D9D8F7EE-A1EE-433F-BEB3-9A2A74052369}.Release|Windows Mobile 5.0 Smartphone SDK (ARMV4I).ActiveCfg = Release|Win32
		{D9D8F7EE-A1EE-433F-BEB3-9A2A74052369}.Release-Dynamic|Pocket PC 2003 (ARMV4).ActiveCfg = Release|Win32
		{D9D8F7EE-A1EE-433F-BEB3-9A2A74052369}.Release-Dynamic|Smartphone 2003 (ARMV4).ActiveCfg = Release|Win32
		{D9D8F7EE-A1EE-433F-BEB3-9A2A74052369}.Release-Dynamic|Win32.ActiveCfg = Release|Win32
		{D9D8F7EE-A1EE-433F-BEB3-9A2A74052369}.Release-Dynamic|Win32.Build.0 = Release|Win32
		{D9D8F7EE-A1EE-433F-BEB3-9A2A74052369}.Release-Dynamic|Windows Mobile 5.0 Pocket PC SDK (ARMV4I).ActiveCfg = Release|Win32
		{D9D8F7EE-A1EE-433F-BEB3-9A2A74052369}.Release-Dynamic|Windows Mobile 5.0 Smartphone SDK (ARMV4I).ActiveCfg = Release|Win32
		{D9D8F7EE-A1EE-433F-BEB3-9A2A74052369}.Release-Static|Pocket PC 2003 (ARMV4).ActiveCfg = Release|Win32
		{D9D8F7EE-A1EE-433F-BEB3-9A2A74052369}.Release-Static|Smartphone 2003 (ARMV4).ActiveCfg = Release|Win32
		{D9D8F7EE-A1EE-433F-BEB3-9A2A74052369}.Release-Static|Win32.ActiveCfg = Release|Win32
		{D9D8F7EE-A1EE-433F-BEB3-9A2A74052369}.Release-Static|Win32.Build.0 = Release|Win32
		{D9D8F7EE-A1EE-433F-BEB3-9A2A74052369}.Release-Static|Windows Mobile 5.0 Pocket PC SDK (ARMV4I).ActiveCfg = Release|Win32
		{D9D8F7EE-A1EE-433F-BEB3-9A2A74052369}.Release-Static|Windows Mobile 5.0 Smartphone SDK (ARMV4I).ActiveCfg = Release|Win32
		{DA0E03ED-53A7-4050-8A85-90541C5509F8}.Debug|Pocket PC 2003 (ARMV4).ActiveCfg = Debug|Pocket PC 2003 (ARMV4)
		{DA0E03ED-53A7-4050-8A85-90541C5509F8}.Debug|Pocket PC 2003 (ARMV4).Build.0 = Debug|Pocket PC 2003 (ARMV4)
		{DA0E03ED-53A7-4050-8A85-90541C5509F8}.Debug|Pocket PC 2003 (ARMV4).Deploy.0 = Debug|Pocket PC 2003 (ARMV4)
		{DA0E03ED-53A7-4050-8A85-90541C5509F8}.Debug|Smartphone 2003 (ARMV4).ActiveCfg = Debug|Smartphone 2003 (ARMV4)
		{DA0E03ED-53A7-4050-8A85-90541C5509F8}.Debug|Smartphone 2003 (ARMV4).Build.0 = Debug|Smartphone 2003 (ARMV4)
		{DA0E03ED-53A7-4050-8A85-90541C5509F8}.Debug|Smartphone 2003 (ARMV4).Deploy.0 = Debug|Smartphone 2003 (ARMV4)
		{DA0E03ED-53A7-4050-8A85-90541C5509F8}.Debug|Win32.ActiveCfg = Debug|Win32
		{DA0E03ED-53A7-4050-8A85-90541C5509F8}.Debug|Win32.Build.0 = Debug|Win32
		{DA0E03ED-53A7-4050-8A85-90541C5509F8}.Debug|Windows Mobile 5.0 Pocket PC SDK (ARMV4I).ActiveCfg = Debug|Windows Mobile 5.0 Pocket PC SDK (ARMV4I)
		{DA0E03ED-53A7-4050-8A85-90541C5509F8}.Debug|Windows Mobile 5.0 Pocket PC SDK (ARMV4I).Build.0 = Debug|Windows Mobile 5.0 Pocket PC SDK (ARMV4I)
		{DA0E03ED-53A7-4050-8A85-90541C5509F8}.Debug|Windows Mobile 5.0 Pocket PC SDK (ARMV4I).Deploy.0 = Debug|Windows Mobile 5.0 Pocket PC SDK (ARMV4I)
		{DA0E03ED-53A7-4050-8A85-90541C5509F8}.Debug|Windows Mobile 5.0 Smartphone SDK (ARMV4I).ActiveCfg = Debug|Windows Mobile 5.0 Smartphone SDK (ARMV4I)
		{DA0E03ED-53A7-4050-8A85-90541C5509F8}.Debug|Windows Mobile 5.0 Smartphone SDK (ARMV4I).Build.0 = Debug|Windows Mobile 5.0 Smartphone SDK (ARMV4I)
		{DA0E03ED-53A7-4050-8A85-90541C5509F8}.Debug|Windows Mobile 5.0 Smartphone SDK (ARMV4I).Deploy.0 = Debug|Windows Mobile 5.0 Smartphone SDK (ARMV4I)
		{DA0E03ED-53A7-4050-8A85-90541C5509F8}.Debug-Dynamic|Pocket PC 2003 (ARMV4).ActiveCfg = Debug-Dynamic|Pocket PC 2003 (ARMV4)
		{DA0E03ED-53A7-4050-8A85-90541C5509F8}.Debug-Dynamic|Pocket PC 2003 (ARMV4).Build.0 = Debug-Dynamic|Pocket PC 2003 (ARMV4)
		{DA0E03ED-53A7-4050-8A85-90541C5509F8}.Debug-Dynamic|Pocket PC 2003 (ARMV4).Deploy.0 = Debug-Dynamic|Pocket PC 2003 (ARMV4)
		{DA0E03ED-53A7-4050-8A85-90541C5509F8}.Debug-Dynamic|Smartphone 2003 (ARMV4).ActiveCfg = Debug-Dynamic|Smartphone 2003 (ARMV4)
		{DA0E03ED-53A7-4050-8A85-90541C5509F8}.Debug-Dynamic|Smartphone 2003 (ARMV4).Build.0 = Debug-Dynamic|Smartphone 2003 (ARMV4)
		{DA0E03ED-53A7-4050-8A85-90541C5509F8}.Debug-Dynamic|Smartphone 2003 (ARMV4).Deploy.0 = Debug-Dynamic|Smartphone 2003 (ARMV4)
		{DA0E03ED-53A7-4050-8A85-90541C5509F8}.Debug-Dynamic|Win32.ActiveCfg = Debug-Dynamic|Win32
		{DA0E03ED-53A7-4050-8A85-90541C5509F8}.Debug-Dynamic|Win32.Build.0 = Debug-Dynamic|Win32
		{DA0E03ED-53A7-4050-8A85-90541C5509F8}.Debug-Dynamic|Windows Mobile 5.0 Pocket PC SDK (ARMV4I).ActiveCfg = Debug-Dynamic|Windows Mobile 5.0 Pocket PC SDK (ARMV4I)
		{DA0E03ED-53A7-4050-8A85-90541C5509F8}.Debug-Dynamic|Windows Mobile 5.0 Pocket PC SDK (ARMV4I).Build.0 = Debug-Dynamic|Windows Mobile 5.0 Pocket PC SDK (ARMV4I)
		{DA0E03ED-53A7-4050-8A85-90541C5509F8}.Debug-Dynamic|Windows Mobile 5.0 Pocket PC SDK (ARMV4I).Deploy.0 = Debug-Dynamic|Windows Mobile 5.0 Pocket PC SDK (ARMV4I)
		{DA0E03ED-53A7-4050-8A85-90541C5509F8}.Debug-Dynamic|Windows Mobile 5.0 Smartphone SDK (ARMV4I).ActiveCfg = Debug-Dynamic|Windows Mobile 5.0 Smartphone SDK (ARMV4I)
		{DA0E03ED-53A7-4050-8A85-90541C5509F8}.Debug-Dynamic|Windows Mobile 5.0 Smartphone SDK (ARMV4I).Build.0 = Debug-Dynamic|Windows Mobile 5.0 Smartphone SDK (ARMV4I)
		{DA0E03ED-53A7-4050-8A85-90541C5509F8}.Debug-Dynamic|Windows Mobile 5.0 Smartphone SDK (ARMV4I).Deploy.0 = Debug-Dynamic|Windows Mobile 5.0 Smartphone SDK (ARMV4I)
		{DA0E03ED-53A7-4050-8A85-90541C5509F8}.Debug-Static|Pocket PC 2003 (ARMV4).ActiveCfg = Debug-Static|Pocket PC 2003 (ARMV4)
		{DA0E03ED-53A7-4050-8A85-90541C5509F8}.Debug-Static|Pocket PC 2003 (ARMV4).Build.0 = Debug-Static|Pocket PC 2003 (ARMV4)
		{DA0E03ED-53A7-4050-8A85-90541C5509F8}.Debug-Static|Pocket PC 2003 (ARMV4).Deploy.0 = Debug-Static|Pocket PC 2003 (ARMV4)
		{DA0E03ED-53A7-4050-8A85-90541C5509F8}.Debug-Static|Smartphone 2003 (ARMV4).ActiveCfg = Debug-Static|Smartphone 2003 (ARMV4)
		{DA0E03ED-53A7-4050-8A85-90541C5509F8}.Debug-Static|Smartphone 2003 (ARMV4).Build.0 = Debug-Static|Smartphone 2003 (ARMV4)
		{DA0E03ED-53A7-4050-8A85-90541C5509F8}.Debug-Static|Smartphone 2003 (ARMV4).Deploy.0 = Debug-Static|Smartphone 2003 (ARMV4)
		{DA0E03ED-53A7-4050-8A85-90541C5509F8}.Debug-Static|Win32.ActiveCfg = Debug-Static|Win32
		{DA0E03ED-53A7-4050-8A85-90541C5509F8}.Debug-Static|Win32.Build.0 = Debug-Static|Win32
		{DA0E03ED-53A7-4050-8A85-90541C5509F8}.Debug-Static|Windows Mobile 5.0 Pocket PC SDK (ARMV4I).ActiveCfg = Debug-Static|Windows Mobile 5.0 Pocket PC SDK (ARMV4I)
		{DA0E03ED-53A7-4050-8A85-90541C5509F8}.Debug-Static|Windows Mobile 5.0 Pocket PC SDK (ARMV4I).Build.0 = Debug-Static|Windows Mobile 5.0 Pocket PC SDK (ARMV4I)
		{DA0E03ED-53A7-4050-8A85-90541C5509F8}.Debug-Static|Windows Mobile 5.0 Pocket PC SDK (ARMV4I).Deploy.0 = Debug-Static|Windows Mobile 5.0 Pocket PC SDK (ARMV4I)
		{DA0E03ED-53A7-4050-8A85-90541C5509F8}.Debug-Static|Windows Mobile 5.0 Smartphone SDK (ARMV4I).ActiveCfg = Debug-Static|Windows Mobile 5.0 Smartphone SDK (ARMV4I)
		{DA0E03ED-53A7-4050-8A85-90541C5509F8}.Debug-Static|Windows Mobile 5.0 Smartphone SDK (ARMV4I).Build.0 = Debug-Static|Windows Mobile 5.0 Smartphone SDK (ARMV4I)
		{DA0E03ED-53A7-4050-8A85-90541C5509F8}.Debug-Static|Windows Mobile 5.0 Smartphone SDK (ARMV4I).Deploy.0 = Debug-Static|Windows Mobile 5.0 Smartphone SDK (ARMV4I)
		{DA0E03ED-53A7-4050-8A85-90541C5509F8}.Release|Pocket PC 2003 (ARMV4).ActiveCfg = Release|Pocket PC 2003 (ARMV4)
		{DA0E03ED-53A7-4050-8A85-90541C5509F8}.Release|Pocket PC 2003 (ARMV4).Build.0 = Release|Pocket PC 2003 (ARMV4)
		{DA0E03ED-53A7-4050-8A85-90541C5509F8}.Release|Pocket PC 2003 (ARMV4).Deploy.0 = Release|Pocket PC 2003 (ARMV4)
		{DA0E03ED-53A7-4050-8A85-90541C5509F8}.Release|Smartphone 2003 (ARMV4).ActiveCfg = Release|Smartphone 2003 (ARMV4)
		{DA0E03ED-53A7-4050-8A85-90541C5509F8}.Release|Smartphone 2003 (ARMV4).Build.0 = Release|Smartphone 2003 (ARMV4)
		{DA0E03ED-53A7-4050-8A85-90541C5509F8}.Release|Smartphone 2003 (ARMV4).Deploy.0 = Release|Smartphone 2003 (ARMV4)
		{DA0E03ED-53A7-4050-8A85-90541C5509F8}.Release|Win32.ActiveCfg = Release|Win32
		{DA0E03ED-53A7-4050-8A85-90541C5509F8}.Release|Win32.Build.0 = Release|Win32
		{DA0E03ED-53A7-4050-8A85-90541C5509F8}.Release|Windows Mobile 5.0 Pocket PC SDK (ARMV4I).ActiveCfg = Release|Windows Mobile 5.0 Pocket PC SDK (ARMV4I)
		{DA0E03ED-53A7-4050-8A85-90541C5509F8}.Release|Windows Mobile 5.0 Pocket PC SDK (ARMV4I).Build.0 = Release|Windows Mobile 5.0 Pocket PC SDK (ARMV4I)
		{DA0E03ED-53A7-4050-8A85-90541C5509F8}.Release|Windows Mobile 5.0 Pocket PC SDK (ARMV4I).Deploy.0 = Release|Windows Mobile 5.0 Pocket PC SDK (ARMV4I)
		{DA0E03ED-53A7-4050-8A85-90541C5509F8}.Release|Windows Mobile 5.0 Smartphone SDK (ARMV4I).ActiveCfg = Release|Windows Mobile 5.0 Smartphone SDK (ARMV4I)
		{DA0E03ED-53A7-4050-8A85-90541C5509F8}.Release|Windows Mobile 5.0 Smartphone SDK (ARMV4I).Build.0 = Release|Windows Mobile 5.0 Smartphone SDK (ARMV4I)
		{DA0E03ED-53A7-4050-8A85-90541C5509F8}.Release|Windows Mobile 5.0 Smartphone SDK (ARMV4I).Deploy.0 = Release|Windows Mobile 5.0 Smartphone SDK (ARMV4I)
		{DA0E03ED-53A7-4050-8A85-90541C5509F8}.Release-Dynamic|Pocket PC 2003 (ARMV4).ActiveCfg = Release-Dynamic|Pocket PC 2003 (ARMV4)
		{DA0E03ED-53A7-4050-8A85-90541C5509F8}.Release-Dynamic|Pocket PC 2003 (ARMV4).Build.0 = Release-Dynamic|Pocket PC 2003 (ARMV4)
		{DA0E03ED-53A7-4050-8A85-90541C5509F8}.Release-Dynamic|Pocket PC 2003 (ARMV4).Deploy.0 = Release-Dynamic|Pocket PC 2003 (ARMV4)
		{DA0E03ED-53A7-4050-8A85-90541C5509F8}.Release-Dynamic|Smartphone 2003 (ARMV4).ActiveCfg = Release-Dynamic|Smartphone 2003 (ARMV4)
		{DA0E03ED-53A7-4050-8A85-90541C5509F8}.Release-Dynamic|Smartphone 2003 (ARMV4).Build.0 = Release-Dynamic|Smartphone 2003 (ARMV4)
		{DA0E03ED-53A7-4050-8A85-90541C5509F8}.Release-Dynamic|Smartphone 2003 (ARMV4).Deploy.0 = Release-Dynamic|Smartphone 2003 (ARMV4)
		{DA0E03ED-53A7-4050-8A85-90541C5509F8}.Release-Dynamic|Win32.ActiveCfg = Release-Dynamic|Win32
		{DA0E03ED-53A7-4050-8A85-90541C5509F8}.Release-Dynamic|Win32.Build.0 = Release-Dynamic|Win32
		{DA0E03ED-53A7-4050-8A85-90541C5509F8}.Release-Dynamic|Windows Mobile 5.0 Pocket PC SDK (ARMV4I).ActiveCfg = Release-Dynamic|Windows Mobile 5.0 Pocket PC SDK (ARMV4I)
		{DA0E03ED-53A7-4050-8A85-90541C5509F8}.Release-Dynamic|Windows Mobile 5.0 Pocket PC SDK (ARMV4I).Build.0 = Release-Dynamic|Windows Mobile 5.0 Pocket PC SDK (ARMV4I)
		{DA0E03ED-53A7-4050-8A85-90541C5509F8}.Release-Dynamic|Windows Mobile 5.0 Pocket PC SDK (ARMV4I).Deploy.0 = Release-Dynamic|Windows Mobile 5.0 Pocket PC SDK (ARMV4I)
		{DA0E03ED-53A7-4050-8A85-90541C5509F8}.Release-Dynamic|Windows Mobile 5.0 Smartphone SDK (ARMV4I).ActiveCfg = Release-Dynamic|Windows Mobile 5.0 Smartphone SDK (ARMV4I)
		{DA0E03ED-53A7-4050-8A85-90541C5509F8}.Release-Dynamic|Windows Mobile 5.0 Smartphone SDK (ARMV4I).Build.0 = Release-Dynamic|Windows Mobile 5.0 Smartphone SDK (ARMV4I)
		{DA0E03ED-53A7-4050-8A85-90541C5509F8}.Release-Dynamic|Windows Mobile 5.0 Smartphone SDK (ARMV4I).Deploy.0 = Release-Dynamic|Windows Mobile 5.0 Smartphone SDK (ARMV4I)
		{DA0E03ED-53A7-4050-8A85-90541C5509F8}.Release-Static|Pocket PC 2003 (ARMV4).ActiveCfg = Release-Static|Pocket PC 2003 (ARMV4)
		{DA0E03ED-53A7-4050-8A85-90541C5509F8}.Release-Static|Pocket PC 2003 (ARMV4).Build.0 = Release-Static|Pocket PC 2003 (ARMV4)
		{DA0E03ED-53A7-4050-8A85-90541C5509F8}.Release-Static|Pocket PC 2003 (ARMV4).Deploy.0 = Release-Static|Pocket PC 2003 (ARMV4)
		{DA0E03ED-53A7-4050-8A85-90541C5509F8}.Release-Static|Smartphone 2003 (ARMV4).ActiveCfg = Release-Static|Smartphone 2003 (ARMV4)
		{DA0E03ED-53A7-4050-8A85-90541C5509F8}.Release-Static|Smartphone 2003 (ARMV4).Build.0 = Release-Static|Smartphone 2003 (ARMV4)
		{DA0E03ED-53A7-4050-8A85-90541C5509F8}.Release-Static|Smartphone 2003 (ARMV4).Deploy.0 = Release-Static|Smartphone 2003 (ARMV4)
		{DA0E03ED-53A7-4050-8A85-90541C5509F8}.Release-Static|Win32.ActiveCfg = Release-Static|Win32
		{DA0E03ED-53A7-4050-8A85-90541C5509F8}.Release-Static|Win32.Build.0 = Release-Static|Win32
		{DA0E03ED-53A7-4050-8A85-90541C5509F8}.Release-Static|Windows Mobile 5.0 Pocket PC SDK (ARMV4I).ActiveCfg = Release-Static|Windows Mobile 5.0 Pocket PC SDK (ARMV4I)
		{DA0E03ED-53A7-4050-8A85-90541C5509F8}.Release-Static|Windows Mobile 5.0 Pocket PC SDK (ARMV4I).Build.0 = Release-Static|Windows Mobile 5.0 Pocket PC SDK (ARMV4I)
		{DA0E03ED-53A7-4050-8A85-90541C5509F8}.Release-Static|Windows Mobile 5.0 Pocket PC SDK (ARMV4I).Deploy.0 = Release-Static|Windows Mobile 5.0 Pocket PC SDK (ARMV4I)
		{DA0E03ED-53A7-4050-8A85-90541C5509F8}.Release-Static|Windows Mobile 5.0 Smartphone SDK (ARMV4I).ActiveCfg = Release-Static|Windows Mobile 5.0 Smartphone SDK (ARMV4I)
		{DA0E03ED-53A7-4050-8A85-90541C5509F8}.Release-Static|Windows Mobile 5.0 Smartphone SDK (ARMV4I).Build.0 = Release-Static|Windows Mobile 5.0 Smartphone SDK (ARMV4I)
		{DA0E03ED-53A7-4050-8A85-90541C5509F8}.Release-Static|Windows Mobile 5.0 Smartphone SDK (ARMV4I).Deploy.0 = Release-Static|Windows Mobile 5.0 Smartphone SDK (ARMV4I)
		{FE07F272-AE7F-4549-9E9F-EF9B80CB1693}.Debug|Pocket PC 2003 (ARMV4).ActiveCfg = Debug|Pocket PC 2003 (ARMV4)
		{FE07F272-AE7F-4549-9E9F-EF9B80CB1693}.Debug|Pocket PC 2003 (ARMV4).Build.0 = Debug|Pocket PC 2003 (ARMV4)
		{FE07F272-AE7F-4549-9E9F-EF9B80CB1693}.Debug|Pocket PC 2003 (ARMV4).Deploy.0 = Debug|Pocket PC 2003 (ARMV4)
		{FE07F272-AE7F-4549-9E9F-EF9B80CB1693}.Debug|Smartphone 2003 (ARMV4).ActiveCfg = Debug|Smartphone 2003 (ARMV4)
		{FE07F272-AE7F-4549-9E9F-EF9B80CB1693}.Debug|Smartphone 2003 (ARMV4).Build.0 = Debug|Smartphone 2003 (ARMV4)
		{FE07F272-AE7F-4549-9E9F-EF9B80CB1693}.Debug|Smartphone 2003 (ARMV4).Deploy.0 = Debug|Smartphone 2003 (ARMV4)
		{FE07F272-AE7F-4549-9E9F-EF9B80CB1693}.Debug|Win32.ActiveCfg = Debug|Win32
		{FE07F272-AE7F-4549-9E9F-EF9B80CB1693}.Debug|Win32.Build.0 = Debug|Win32
		{FE07F272-AE7F-4549-9E9F-EF9B80CB1693}.Debug|Windows Mobile 5.0 Pocket PC SDK (ARMV4I).ActiveCfg = Debug|Windows Mobile 5.0 Pocket PC SDK (ARMV4I)
		{FE07F272-AE7F-4549-9E9F-EF9B80CB1693}.Debug|Windows Mobile 5.0 Pocket PC SDK (ARMV4I).Build.0 = Debug|Windows Mobile 5.0 Pocket PC SDK (ARMV4I)
		{FE07F272-AE7F-4549-9E9F-EF9B80CB1693}.Debug|Windows Mobile 5.0 Pocket PC SDK (ARMV4I).Deploy.0 = Debug|Windows Mobile 5.0 Pocket PC SDK (ARMV4I)
		{FE07F272-AE7F-4549-9E9F-EF9B80CB1693}.Debug|Windows Mobile 5.0 Smartphone SDK (ARMV4I).ActiveCfg = Debug|Windows Mobile 5.0 Smartphone SDK (ARMV4I)
		{FE07F272-AE7F-4549-9E9F-EF9B80CB1693}.Debug|Windows Mobile 5.0 Smartphone SDK (ARMV4I).Build.0 = Debug|Windows Mobile 5.0 Smartphone SDK (ARMV4I)
		{FE07F272-AE7F-4549-9E9F-EF9B80CB1693}.Debug|Windows Mobile 5.0 Smartphone SDK (ARMV4I).Deploy.0 = Debug|Windows Mobile 5.0 Smartphone SDK (ARMV4I)
		{FE07F272-AE7F-4549-9E9F-EF9B80CB1693}.Debug-Dynamic|Pocket PC 2003 (ARMV4).ActiveCfg = Debug-Dynamic|Pocket PC 2003 (ARMV4)
		{FE07F272-AE7F-4549-9E9F-EF9B80CB1693}.Debug-Dynamic|Pocket PC 2003 (ARMV4).Build.0 = Debug-Dynamic|Pocket PC 2003 (ARMV4)
		{FE07F272-AE7F-4549-9E9F-EF9B80CB1693}.Debug-Dynamic|Pocket PC 2003 (ARMV4).Deploy.0 = Debug-Dynamic|Pocket PC 2003 (ARMV4)
		{FE07F272-AE7F-4549-9E9F-EF9B80CB1693}.Debug-Dynamic|Smartphone 2003 (ARMV4).ActiveCfg = Debug-Dynamic|Smartphone 2003 (ARMV4)
		{FE07F272-AE7F-4549-9E9F-EF9B80CB1693}.Debug-Dynamic|Smartphone 2003 (ARMV4).Build.0 = Debug-Dynamic|Smartphone 2003 (ARMV4)
		{FE07F272-AE7F-4549-9E9F-EF9B80CB1693}.Debug-Dynamic|Smartphone 2003 (ARMV4).Deploy.0 = Debug-Dynamic|Smartphone 2003 (ARMV4)
		{FE07F272-AE7F-4549-9E9F-EF9B80CB1693}.Debug-Dynamic|Win32.ActiveCfg = Debug-Dynamic|Win32
		{FE07F272-AE7F-4549-9E9F-EF9B80CB1693}.Debug-Dynamic|Win32.Build.0 = Debug-Dynamic|Win32
		{FE07F272-AE7F-4549-9E9F-EF9B80CB1693}.Debug-Dynamic|Windows Mobile 5.0 Pocket PC SDK (ARMV4I).ActiveCfg = Debug-Dynamic|Windows Mobile 5.0 Pocket PC SDK (ARMV4I)
		{FE07F272-AE7F-4549-9E9F-EF9B80CB1693}.Debug-Dynamic|Windows Mobile 5.0 Pocket PC SDK (ARMV4I).Build.0 = Debug-Dynamic|Windows Mobile 5.0 Pocket PC SDK (ARMV4I)
		{FE07F272-AE7F-4549-9E9F-EF9B80CB1693}.Debug-Dynamic|Windows Mobile 5.0 Pocket PC SDK (ARMV4I).Deploy.0 = Debug-Dynamic|Windows Mobile 5.0 Pocket PC SDK (ARMV4I)
		{FE07F272-AE7F-4549-9E9F-EF9B80CB1693}.Debug-Dynamic|Windows Mobile 5.0 Smartphone SDK (ARMV4I).ActiveCfg = Debug-Dynamic|Windows Mobile 5.0 Smartphone SDK (ARMV4I)
		{FE07F272-AE7F-4549-9E9F-EF9B80CB1693}.Debug-Dynamic|Windows Mobile 5.0 Smartphone SDK (ARMV4I).Build.0 = Debug-Dynamic|Windows Mobile 5.0 Smartphone SDK (ARMV4I)
		{FE07F272-AE7F-4549-9E9F-EF9B80CB1693}.Debug-Dynamic|Windows Mobile 5.0 Smartphone SDK (ARMV4I).Deploy.0 = Debug-Dynamic|Windows Mobile 5.0 Smartphone SDK (ARMV4I)
		{FE07F272-AE7F-4549-9E9F-EF9B80CB1693}.Debug-Static|Pocket PC 2003 (ARMV4).ActiveCfg = Debug-Static|Pocket PC 2003 (ARMV4)
		{FE07F272-AE7F-4549-9E9F-EF9B80CB1693}.Debug-Static|Pocket PC 2003 (ARMV4).Build.0 = Debug-Static|Pocket PC 2003 (ARMV4)
		{FE07F272-AE7F-4549-9E9F-EF9B80CB1693}.Debug-Static|Pocket PC 2003 (ARMV4).Deploy.0 = Debug-Static|Pocket PC 2003 (ARMV4)
		{FE07F272-AE7F-4549-9E9F-EF9B80CB1693}.Debug-Static|Smartphone 2003 (ARMV4).ActiveCfg = Debug-Static|Smartphone 2003 (ARMV4)
		{FE07F272-AE7F-4549-9E9F-EF9B80CB1693}.Debug-Static|Smartphone 2003 (ARMV4).Build.0 = Debug-Static|Smartphone 2003 (ARMV4)
		{FE07F272-AE7F-4549-9E9F-EF9B80CB1693}.Debug-Static|Smartphone 2003 (ARMV4).Deploy.0 = Debug-Static|Smartphone 2003 (ARMV4)
		{FE07F272-AE7F-4549-9E9F-EF9B80CB1693}.Debug-Static|Win32.ActiveCfg = Debug-Static|Win32
		{FE07F272-AE7F-4549-9E9F-EF9B80CB1693}.Debug-Static|Win32.Build.0 = Debug-Static|Win32
		{FE07F272-AE7F-4549-9E9F-EF9B80CB1693}.Debug-Static|Windows Mobile 5.0 Pocket PC SDK (ARMV4I).ActiveCfg = Debug-Static|Windows Mobile 5.0 Pocket PC SDK (ARMV4I)
		{FE07F272-AE7F-4549-9E9F-EF9B80CB1693}.Debug-Static|Windows Mobile 5.0 Pocket PC SDK (ARMV4I).Build.0 = Debug-Static|Windows Mobile 5.0 Pocket PC SDK (ARMV4I)
		{FE07F272-AE7F-4549-9E9F-EF9B80CB1693}.Debug-Static|Windows Mobile 5.0 Pocket PC SDK (ARMV4I).Deploy.0 = Debug-Static|Windows Mobile 5.0 Pocket PC SDK (ARMV4I)
		{FE07F272-AE7F-4549-9E9F-EF9B80CB1693}.Debug-Static|Windows Mobile 5.0 Smartphone SDK (ARMV4I).ActiveCfg = Debug-Static|Windows Mobile 5.0 Smartphone SDK (ARMV4I)
		{FE07F272-AE7F-4549-9E9F-EF9B80CB1693}.Debug-Static|Windows Mobile 5.0 Smartphone SDK (ARMV4I).Build.0 = Debug-Static|Windows Mobile 5.0 Smartphone SDK (ARMV4I)
		{FE07F272-AE7F-4549-9E9F-EF9B80CB1693}.Debug-Static|Windows Mobile 5.0 Smartphone SDK (ARMV4I).Deploy.0 = Debug-Static|Windows Mobile 5.0 Smartphone SDK (ARMV4I)
		{FE07F272-AE7F-4549-9E9F-EF9B80CB1693}.Release|Pocket PC 2003 (ARMV4).ActiveCfg = Release|Pocket PC 2003 (ARMV4)
		{FE07F272-AE7F-4549-9E9F-EF9B80CB1693}.Release|Pocket PC 2003 (ARMV4).Build.0 = Release|Pocket PC 2003 (ARMV4)
		{FE07F272-AE7F-4549-9E9F-EF9B80CB1693}.Release|Pocket PC 2003 (ARMV4).Deploy.0 = Release|Pocket PC 2003 (ARMV4)
		{FE07F272-AE7F-4549-9E9F-EF9B80CB1693}.Release|Smartphone 2003 (ARMV4).ActiveCfg = Release|Smartphone 2003 (ARMV4)
		{FE07F272-AE7F-4549-9E9F-EF9B80CB1693}.Release|Smartphone 2003 (ARMV4).Build.0 = Release|Smartphone 2003 (ARMV4)
		{FE07F272-AE7F-4549-9E9F-EF9B80CB1693}.Release|Smartphone 2003 (ARMV4).Deploy.0 = Release|Smartphone 2003 (ARMV4)
		{FE07F272-AE7F-4549-9E9F-EF9B80CB1693}.Release|Win32.ActiveCfg = Release|Win32
		{FE07F272-AE7F-4549-9E9F-EF9B80CB1693}.Release|Win32.Build.0 = Release|Win32
		{FE07F272-AE7F-4549-9E9F-EF9B80CB1693}.Release|Windows Mobile 5.0 Pocket PC SDK (ARMV4I).ActiveCfg = Release|Windows Mobile 5.0 Pocket PC SDK (ARMV4I)
		{FE07F272-AE7F-4549-9E9F-EF9B80CB1693}.Release|Windows Mobile 5.0 Pocket PC SDK (ARMV4I).Build.0 = Release|Windows Mobile 5.0 Pocket PC SDK (ARMV4I)
		{FE07F272-AE7F-4549-9E9F-EF9B80CB1693}.Release|Windows Mobile 5.0 Pocket PC SDK (ARMV4I).Deploy.0 = Release|Windows Mobile 5.0 Pocket PC SDK (ARMV4I)
		{FE07F272-AE7F-4549-9E9F-EF9B80CB1693}.Release|Windows Mobile 5.0 Smartphone SDK (ARMV4I).ActiveCfg = Release|Windows Mobile 5.0 Smartphone SDK (ARMV4I)
		{FE07F272-AE7F-4549-9E9F-EF9B80CB1693}.Release|Windows Mobile 5.0 Smartphone SDK (ARMV4I).Build.0 = Release|Windows Mobile 5.0 Smartphone SDK (ARMV4I)
		{FE07F272-AE7F-4549-9E9F-EF9B80CB1693}.Release|Windows Mobile 5.0 Smartphone SDK (ARMV4I).Deploy.0 = Release|Windows Mobile 5.0 Smartphone SDK (ARMV4I)
		{FE07F272-AE7F-4549-9E9F-EF9B80CB1693}.Release-Dynamic|Pocket PC 2003 (ARMV4).ActiveCfg = Release-Dynamic|Pocket PC 2003 (ARMV4)
		{FE07F272-AE7F-4549-9E9F-EF9B80CB1693}.Release-Dynamic|Pocket PC 2003 (ARMV4).Build.0 = Release-Dynamic|Pocket PC 2003 (ARMV4)
		{FE07F272-AE7F-4549-9E9F-EF9B80CB1693}.Release-Dynamic|Pocket PC 2003 (ARMV4).Deploy.0 = Release-Dynamic|Pocket PC 2003 (ARMV4)
		{FE07F272-AE7F-4549-9E9F-EF9B80CB1693}.Release-Dynamic|Smartphone 2003 (ARMV4).ActiveCfg = Release-Dynamic|Smartphone 2003 (ARMV4)
		{FE07F272-AE7F-4549-9E9F-EF9B80CB1693}.Release-Dynamic|Smartphone 2003 (ARMV4).Build.0 = Release-Dynamic|Smartphone 2003 (ARMV4)
		{FE07F272-AE7F-4549-9E9F-EF9B80CB1693}.Release-Dynamic|Smartphone 2003 (ARMV4).Deploy.0 = Release-Dynamic|Smartphone 2003 (ARMV4)
		{FE07F272-AE7F-4549-9E9F-EF9B80CB1693}.Release-Dynamic|Win32.ActiveCfg = Release-Dynamic|Win32
		{FE07F272-AE7F-4549-9E9F-EF9B80CB1693}.Release-Dynamic|Win32.Build.0 = Release-Dynamic|Win32
		{FE07F272-AE7F-4549-9E9F-EF9B80CB1693}.Release-Dynamic|Windows Mobile 5.0 Pocket PC SDK (ARMV4I).ActiveCfg = Release-Dynamic|Windows Mobile 5.0 Pocket PC SDK (ARMV4I)
		{FE07F272-AE7F-4549-9E9F-EF9B80CB1693}.Release-Dynamic|Windows Mobile 5.0 Pocket PC SDK (ARMV4I).Build.0 = Release-Dynamic|Windows Mobile 5.0 Pocket PC SDK (ARMV4I)
		{FE07F272-AE7F-4549-9E9F-EF9B80CB1693}.Release-Dynamic|Windows Mobile 5.0 Pocket PC SDK (ARMV4I).Deploy.0 = Release-Dynamic|Windows Mobile 5.0 Pocket PC SDK (ARMV4I)
		{FE07F272-AE7F-4549-9E9F-EF9B80CB1693}.Release-Dynamic|Windows Mobile 5.0 Smartphone SDK (ARMV4I).ActiveCfg = Release-Dynamic|Windows Mobile 5.0 Smartphone SDK (ARMV4I)
		{FE07F272-AE7F-4549-9E9F-EF9B80CB1693}.Release-Dynamic|Windows Mobile 5.0 Smartphone SDK (ARMV4I).Build.0 = Release-Dynamic|Windows Mobile 5.0 Smartphone SDK (ARMV4I)
		{FE07F272-AE7F-4549-9E9F-EF9B80CB1693}.Release-Dynamic|Windows Mobile 5.0 Smartphone SDK (ARMV4I).Deploy.0 = Release-Dynamic|Windows Mobile 5.0 Smartphone SDK (ARMV4I)
		{FE07F272-AE7F-4549-9E9F-EF9B80CB1693}.Release-Static|Pocket PC 2003 (ARMV4).ActiveCfg = Release-Static|Pocket PC 2003 (ARMV4)
		{FE07F272-AE7F-4549-9E9F-EF9B80CB1693}.Release-Static|Pocket PC 2003 (ARMV4).Build.0 = Release-Static|Pocket PC 2003 (ARMV4)
		{FE07F272-AE7F-4549-9E9F-EF9B80CB1693}.Release-Static|Pocket PC 2003 (ARMV4).Deploy.0 = Release-Static|Pocket PC 2003 (ARMV4)
		{FE07F272-AE7F-4549-9E9F-EF9B80CB1693}.Release-Static|Smartphone 2003 (ARMV4).ActiveCfg = Release-Static|Smartphone 2003 (ARMV4)
		{FE07F272-AE7F-4549-9E9F-EF9B80CB1693}.Release-Static|Smartphone 2003 (ARMV4).Build.0 = Release-Static|Smartphone 2003 (ARMV4)
		{FE07F272-AE7F-4549-9E9F-EF9B80CB1693}.Release-Static|Smartphone 2003 (ARMV4).Deploy.0 = Release-Static|Smartphone 2003 (ARMV4)
		{FE07F272-AE7F-4549-9E9F-EF9B80CB1693}.Release-Static|Win32.ActiveCfg = Release-Static|Win32
		{FE07F272-AE7F-4549-9E9F-EF9B80CB1693}.Release-Static|Win32.Build.0 = Release-Static|Win32
		{FE07F272-AE7F-4549-9E9F-EF9B80CB1693}.Release-Static|Windows Mobile 5.0 Pocket PC SDK (ARMV4I).ActiveCfg = Release-Static|Windows Mobile 5.0 Pocket PC SDK (ARMV4I)
		{FE07F272-AE7F-4549-9E9F-EF9B80CB1693}.Release-Static|Windows Mobile 5.0 Pocket PC SDK (ARMV4I).Build.0 = Release-Static|Windows Mobile 5.0 Pocket PC SDK (ARMV4I)
		{FE07F272-AE7F-4549-9E9F-EF9B80CB1693}.Release-Static|Windows Mobile 5.0 Pocket PC SDK (ARMV4I).Deploy.0 = Release-Static|Windows Mobile 5.0 Pocket PC SDK (ARMV4I)
		{FE07F272-AE7F-4549-9E9F-EF9B80CB1693}.Release-Static|Windows Mobile 5.0 Smartphone SDK (ARMV4I).ActiveCfg = Release-Static|Windows Mobile 5.0 Smartphone SDK (ARMV4I)
		{FE07F272-AE7F-4549-9E9F-EF9B80CB1693}.Release-Static|Windows Mobile 5.0 Smartphone SDK (ARMV4I).Build.0 = Release-Static|Windows Mobile 5.0 Smartphone SDK (ARMV4I)
		{FE07F272-AE7F-4549-9E9F-EF9B80CB1693}.Release-Static|Windows Mobile 5.0 Smartphone SDK (ARMV4I).Deploy.0 = Release-Static|Windows Mobile 5.0 Smartphone SDK (ARMV4I)
	EndGlobalSection
	GlobalSection(SolutionProperties) = preSolution
		HideSolutionNode = FALSE
	EndGlobalSection
EndGlobal
